{
  "nodes": {
    "flakeNimbleLib": {
      "inputs": {
        "nixpkgs": [
          "nixpkgs"
        ]
      },
      "locked": {
        "lastModified": 1662018438,
        "narHash": "sha256-QtNtU6+LX3Wokxf0zlFwKTFOcn6TeDjKQZ+DA9OYtvM=",
        "owner": "riinr",
        "repo": "nim-flakes-lib",
        "rev": "b1fe8340736e3a85d25c709ac3dfd82a55c03cbf",
        "type": "github"
      },
      "original": {
        "owner": "riinr",
        "ref": "master",
        "repo": "nim-flakes-lib",
        "type": "github"
      }
    },
    "jq-master": {
      "inputs": {
        "flakeNimbleLib": [
          "flakeNimbleLib"
        ],
        "nixpkgs": [
          "nixpkgs"
        ],
        "src-jq-master": "src-jq-master"
      },
      "locked": {
        "dir": "master",
        "lastModified": 1662254549,
        "narHash": "sha256-a74m9fAoBNKjrwCI5yRQ/bJPr1ykEgqdoyUbuPwNmP4=",
        "owner": "nim-nix-pkgs",
        "repo": "jq",
        "rev": "aebb783d0505c84385cddfc403f85d5593c67690",
        "type": "github"
      },
      "original": {
        "dir": "master",
        "owner": "nim-nix-pkgs",
        "ref": "master",
        "repo": "jq",
        "type": "github"
      }
    },
    "nixpkgs": {
      "locked": {
        "lastModified": 1667110639,
        "narHash": "sha256-4FbPESZ5LbqQxkJJJBAfk/zKgF9h/4kyUwjjpJwYlbc=",
        "owner": "NixOS",
        "repo": "nixpkgs",
        "rev": "f38a1f04d1bec1feb61fd101a0539ae2002a7087",
        "type": "github"
      },
      "original": {
        "id": "nixpkgs",
        "type": "indirect"
      }
    },
    "root": {
      "inputs": {
        "flakeNimbleLib": "flakeNimbleLib",
        "jq-master": "jq-master",
        "nixpkgs": "nixpkgs"
      }
    },
    "src-jq-master": {
      "flake": false,
      "locked": {
        "lastModified": 1634623841,
        "narHash": "sha256-nwu2/Dbzr0pxvjejRb+CYVl4DiLVacJVmjGZLw4fSb4=",
        "owner": "alialrahahleh",
        "repo": "fjq",
        "rev": "50d605c70dde2a755bd7b1550fba46049eaed52e",
        "type": "github"
      },
      "original": {
        "owner": "alialrahahleh",
        "ref": "refs/heads/master",
        "repo": "fjq",
        "type": "github"
      }
    }
  },
  "root": "root",
  "version": 7
}
